
Microsoft Visual Studio Solution File, Format Version 12.00
# Visual Studio Version 17
VisualStudioVersion = 17.11.35219.272
MinimumVisualStudioVersion = 10.0.40219.1
Project("{FAE04EC0-301F-11D3-BF4B-00C04F79EFBC}") = "RectangularPrismCalculator", "RectangularPrismCalculator\RectangularPrismCalculator.csproj", "{3DF34008-C936-4E54-A59B-00C726DA4A6C}"
EndProject
Global
	GlobalSection(SolutionConfigurationPlatforms) = preSolution
		Debug|Any CPU = Debug|Any CPU
		Release|Any CPU = Release|Any CPU
	EndGlobalSection
	GlobalSection(ProjectConfigurationPlatforms) = postSolution
		{3DF34008-C936-4E54-A59B-00C726DA4A6C}.Debug|Any CPU.ActiveCfg = Debug|Any CPU
		{3DF34008-C936-4E54-A59B-00C726DA4A6C}.Debug|Any CPU.Build.0 = Debug|Any CPU
		{3DF34008-C936-4E54-A59B-00C726DA4A6C}.Release|Any CPU.ActiveCfg = Release|Any CPU
		{3DF34008-C936-4E54-A59B-00C726DA4A6C}.Release|Any CPU.Build.0 = Release|Any CPU
	EndGlobalSection
	GlobalSection(SolutionProperties) = preSolution
		HideSolutionNode = FALSE
	EndGlobalSection
	GlobalSection(ExtensibilityGlobals) = postSolution
		SolutionGuid = {CDBEF0DA-A05B-4014-B849-2111B7BE5A22}
	EndGlobalSection
EndGlobal
